
Microsoft Visual Studio Solution File, Format Version 12.00
# Visual Studio 14
VisualStudioVersion = 14.0.23107.0
MinimumVisualStudioVersion = 10.0.40219.1
Project("{FAE04EC0-301F-11D3-BF4B-00C04F79EFBC}") = "landsales", "landsales\landsales.csproj", "{A3926DBB-AF8C-47B8-A79D-A848FECA4F75}"
EndProject
Project("{FAE04EC0-301F-11D3-BF4B-00C04F79EFBC}") = "power2payLibrary", "power2payLibrary\power2payLibrary.csproj", "{A6FEC401-9AA5-46AB-99E3-3445075A3398}"
EndProject
Project("{FAE04EC0-301F-11D3-BF4B-00C04F79EFBC}") = "ALS", "ALS\ALS.csproj", "{5FA579D3-7C4C-4F4C-9F5E-5920FCC71A5C}"
EndProject
Project("{FAE04EC0-301F-11D3-BF4B-00C04F79EFBC}") = "ATS", "ATS\ATS.csproj", "{698D635A-A2FA-46A3-9D20-797D0D1D3DE0}"
EndProject
Project("{FAE04EC0-301F-11D3-BF4B-00C04F79EFBC}") = "EDS", "EDS\EDS.csproj", "{D70A2242-2DC8-4960-84F2-7FE8E0766F52}"
EndProject
Project("{FAE04EC0-301F-11D3-BF4B-00C04F79EFBC}") = "IDM", "IDM\IDM.csproj", "{CB882565-5474-4EEF-A2CE-2195F35B09D4}"
EndProject
Project("{FAE04EC0-301F-11D3-BF4B-00C04F79EFBC}") = "PMS", "PMS\PMS.csproj", "{C27774FD-7687-47C3-80CA-7CF11CA5924F}"
EndProject
Project("{FAE04EC0-301F-11D3-BF4B-00C04F79EFBC}") = "POS", "POS\POS.csproj", "{88F03161-BD0B-49F0-99CA-A19F6A2DBA01}"
EndProject
Project("{FAE04EC0-301F-11D3-BF4B-00C04F79EFBC}") = "CMS", "CMS\CMS.csproj", "{A966604D-D0F0-4E09-839E-D063D23D8232}"
EndProject
Project("{FAE04EC0-301F-11D3-BF4B-00C04F79EFBC}") = "LMS", "LMS\LMS.csproj", "{4DAFCB7A-5484-47AE-B55E-DB279651DC79}"
EndProject
Project("{FAE04EC0-301F-11D3-BF4B-00C04F79EFBC}") = "eCommerce", "eCommerce\eCommerce.csproj", "{ADED3F0B-0B3D-40E6-BBEE-FB079E0BA4F6}"
EndProject
Project("{FAE04EC0-301F-11D3-BF4B-00C04F79EFBC}") = "HMS", "HMS\HMS.csproj", "{45DA8623-04F3-4491-A177-BD8D733004B2}"
EndProject
Project("{FAE04EC0-301F-11D3-BF4B-00C04F79EFBC}") = "UMS", "UMS\UMS.csproj", "{B7939E6C-EB92-4C25-9B5B-4CA4FD71F7C6}"
EndProject
Project("{FAE04EC0-301F-11D3-BF4B-00C04F79EFBC}") = "TRS", "TRS\TRS.csproj", "{4F121696-CF53-4BCB-9F69-68666E399A14}"
EndProject
Project("{FAE04EC0-301F-11D3-BF4B-00C04F79EFBC}") = "TBS", "TBS\TBS.csproj", "{DE05A54F-673C-47C1-90C8-14F9E23AC5D7}"
EndProject
Project("{FAE04EC0-301F-11D3-BF4B-00C04F79EFBC}") = "DVLS", "DVLS\DVLS.csproj", "{4EE7888B-6B14-460C-888F-95E275CF5C2F}"
EndProject
Project("{FAE04EC0-301F-11D3-BF4B-00C04F79EFBC}") = "SchoolManagement", "SchoolManagement\SchoolManagement.csproj", "{72876303-8244-41F4-8DF2-EFB511CB71AE}"
EndProject
Global
	GlobalSection(SolutionConfigurationPlatforms) = preSolution
		Debug|Any CPU = Debug|Any CPU
		Release|Any CPU = Release|Any CPU
	EndGlobalSection
	GlobalSection(ProjectConfigurationPlatforms) = postSolution
		{A3926DBB-AF8C-47B8-A79D-A848FECA4F75}.Debug|Any CPU.ActiveCfg = Debug|Any CPU
		{A3926DBB-AF8C-47B8-A79D-A848FECA4F75}.Debug|Any CPU.Build.0 = Debug|Any CPU
		{A3926DBB-AF8C-47B8-A79D-A848FECA4F75}.Release|Any CPU.ActiveCfg = Release|Any CPU
		{A3926DBB-AF8C-47B8-A79D-A848FECA4F75}.Release|Any CPU.Build.0 = Release|Any CPU
		{A6FEC401-9AA5-46AB-99E3-3445075A3398}.Debug|Any CPU.ActiveCfg = Debug|Any CPU
		{A6FEC401-9AA5-46AB-99E3-3445075A3398}.Debug|Any CPU.Build.0 = Debug|Any CPU
		{A6FEC401-9AA5-46AB-99E3-3445075A3398}.Release|Any CPU.ActiveCfg = Release|Any CPU
		{A6FEC401-9AA5-46AB-99E3-3445075A3398}.Release|Any CPU.Build.0 = Release|Any CPU
		{5FA579D3-7C4C-4F4C-9F5E-5920FCC71A5C}.Debug|Any CPU.ActiveCfg = Debug|Any CPU
		{5FA579D3-7C4C-4F4C-9F5E-5920FCC71A5C}.Debug|Any CPU.Build.0 = Debug|Any CPU
		{5FA579D3-7C4C-4F4C-9F5E-5920FCC71A5C}.Release|Any CPU.ActiveCfg = Release|Any CPU
		{5FA579D3-7C4C-4F4C-9F5E-5920FCC71A5C}.Release|Any CPU.Build.0 = Release|Any CPU
		{698D635A-A2FA-46A3-9D20-797D0D1D3DE0}.Debug|Any CPU.ActiveCfg = Debug|Any CPU
		{698D635A-A2FA-46A3-9D20-797D0D1D3DE0}.Debug|Any CPU.Build.0 = Debug|Any CPU
		{698D635A-A2FA-46A3-9D20-797D0D1D3DE0}.Release|Any CPU.ActiveCfg = Release|Any CPU
		{698D635A-A2FA-46A3-9D20-797D0D1D3DE0}.Release|Any CPU.Build.0 = Release|Any CPU
		{D70A2242-2DC8-4960-84F2-7FE8E0766F52}.Debug|Any CPU.ActiveCfg = Debug|Any CPU
		{D70A2242-2DC8-4960-84F2-7FE8E0766F52}.Debug|Any CPU.Build.0 = Debug|Any CPU
		{D70A2242-2DC8-4960-84F2-7FE8E0766F52}.Release|Any CPU.ActiveCfg = Release|Any CPU
		{D70A2242-2DC8-4960-84F2-7FE8E0766F52}.Release|Any CPU.Build.0 = Release|Any CPU
		{CB882565-5474-4EEF-A2CE-2195F35B09D4}.Debug|Any CPU.ActiveCfg = Debug|Any CPU
		{CB882565-5474-4EEF-A2CE-2195F35B09D4}.Debug|Any CPU.Build.0 = Debug|Any CPU
		{CB882565-5474-4EEF-A2CE-2195F35B09D4}.Release|Any CPU.ActiveCfg = Release|Any CPU
		{CB882565-5474-4EEF-A2CE-2195F35B09D4}.Release|Any CPU.Build.0 = Release|Any CPU
		{C27774FD-7687-47C3-80CA-7CF11CA5924F}.Debug|Any CPU.ActiveCfg = Debug|Any CPU
		{C27774FD-7687-47C3-80CA-7CF11CA5924F}.Debug|Any CPU.Build.0 = Debug|Any CPU
		{C27774FD-7687-47C3-80CA-7CF11CA5924F}.Release|Any CPU.ActiveCfg = Release|Any CPU
		{C27774FD-7687-47C3-80CA-7CF11CA5924F}.Release|Any CPU.Build.0 = Release|Any CPU
		{88F03161-BD0B-49F0-99CA-A19F6A2DBA01}.Debug|Any CPU.ActiveCfg = Debug|Any CPU
		{88F03161-BD0B-49F0-99CA-A19F6A2DBA01}.Debug|Any CPU.Build.0 = Debug|Any CPU
		{88F03161-BD0B-49F0-99CA-A19F6A2DBA01}.Release|Any CPU.ActiveCfg = Release|Any CPU
		{88F03161-BD0B-49F0-99CA-A19F6A2DBA01}.Release|Any CPU.Build.0 = Release|Any CPU
		{A966604D-D0F0-4E09-839E-D063D23D8232}.Debug|Any CPU.ActiveCfg = Debug|Any CPU
		{A966604D-D0F0-4E09-839E-D063D23D8232}.Debug|Any CPU.Build.0 = Debug|Any CPU
		{A966604D-D0F0-4E09-839E-D063D23D8232}.Release|Any CPU.ActiveCfg = Release|Any CPU
		{A966604D-D0F0-4E09-839E-D063D23D8232}.Release|Any CPU.Build.0 = Release|Any CPU
		{4DAFCB7A-5484-47AE-B55E-DB279651DC79}.Debug|Any CPU.ActiveCfg = Debug|Any CPU
		{4DAFCB7A-5484-47AE-B55E-DB279651DC79}.Debug|Any CPU.Build.0 = Debug|Any CPU
		{4DAFCB7A-5484-47AE-B55E-DB279651DC79}.Release|Any CPU.ActiveCfg = Release|Any CPU
		{4DAFCB7A-5484-47AE-B55E-DB279651DC79}.Release|Any CPU.Build.0 = Release|Any CPU
		{ADED3F0B-0B3D-40E6-BBEE-FB079E0BA4F6}.Debug|Any CPU.ActiveCfg = Debug|Any CPU
		{ADED3F0B-0B3D-40E6-BBEE-FB079E0BA4F6}.Debug|Any CPU.Build.0 = Debug|Any CPU
		{ADED3F0B-0B3D-40E6-BBEE-FB079E0BA4F6}.Release|Any CPU.ActiveCfg = Release|Any CPU
		{ADED3F0B-0B3D-40E6-BBEE-FB079E0BA4F6}.Release|Any CPU.Build.0 = Release|Any CPU
		{45DA8623-04F3-4491-A177-BD8D733004B2}.Debug|Any CPU.ActiveCfg = Debug|Any CPU
		{45DA8623-04F3-4491-A177-BD8D733004B2}.Debug|Any CPU.Build.0 = Debug|Any CPU
		{45DA8623-04F3-4491-A177-BD8D733004B2}.Release|Any CPU.ActiveCfg = Release|Any CPU
		{45DA8623-04F3-4491-A177-BD8D733004B2}.Release|Any CPU.Build.0 = Release|Any CPU
		{B7939E6C-EB92-4C25-9B5B-4CA4FD71F7C6}.Debug|Any CPU.ActiveCfg = Debug|Any CPU
		{B7939E6C-EB92-4C25-9B5B-4CA4FD71F7C6}.Debug|Any CPU.Build.0 = Debug|Any CPU
		{B7939E6C-EB92-4C25-9B5B-4CA4FD71F7C6}.Release|Any CPU.ActiveCfg = Release|Any CPU
		{B7939E6C-EB92-4C25-9B5B-4CA4FD71F7C6}.Release|Any CPU.Build.0 = Release|Any CPU
		{4F121696-CF53-4BCB-9F69-68666E399A14}.Debug|Any CPU.ActiveCfg = Debug|Any CPU
		{4F121696-CF53-4BCB-9F69-68666E399A14}.Debug|Any CPU.Build.0 = Debug|Any CPU
		{4F121696-CF53-4BCB-9F69-68666E399A14}.Release|Any CPU.ActiveCfg = Release|Any CPU
		{4F121696-CF53-4BCB-9F69-68666E399A14}.Release|Any CPU.Build.0 = Release|Any CPU
		{DE05A54F-673C-47C1-90C8-14F9E23AC5D7}.Debug|Any CPU.ActiveCfg = Debug|Any CPU
		{DE05A54F-673C-47C1-90C8-14F9E23AC5D7}.Debug|Any CPU.Build.0 = Debug|Any CPU
		{DE05A54F-673C-47C1-90C8-14F9E23AC5D7}.Release|Any CPU.ActiveCfg = Release|Any CPU
		{DE05A54F-673C-47C1-90C8-14F9E23AC5D7}.Release|Any CPU.Build.0 = Release|Any CPU
		{4EE7888B-6B14-460C-888F-95E275CF5C2F}.Debug|Any CPU.ActiveCfg = Debug|Any CPU
		{4EE7888B-6B14-460C-888F-95E275CF5C2F}.Debug|Any CPU.Build.0 = Debug|Any CPU
		{4EE7888B-6B14-460C-888F-95E275CF5C2F}.Release|Any CPU.ActiveCfg = Release|Any CPU
		{4EE7888B-6B14-460C-888F-95E275CF5C2F}.Release|Any CPU.Build.0 = Release|Any CPU
		{72876303-8244-41F4-8DF2-EFB511CB71AE}.Debug|Any CPU.ActiveCfg = Debug|Any CPU
		{72876303-8244-41F4-8DF2-EFB511CB71AE}.Debug|Any CPU.Build.0 = Debug|Any CPU
		{72876303-8244-41F4-8DF2-EFB511CB71AE}.Release|Any CPU.ActiveCfg = Release|Any CPU
		{72876303-8244-41F4-8DF2-EFB511CB71AE}.Release|Any CPU.Build.0 = Release|Any CPU
	EndGlobalSection
	GlobalSection(SolutionProperties) = preSolution
		HideSolutionNode = FALSE
	EndGlobalSection
EndGlobal
